{
  "name": "doui",
  "version": "0.1.0",
  "lockfileVersion": 1,
  "requires": true,
  "dependencies": {
    "@types/react": {
      "version": "16.0.31",
      "resolved": "http://r.cnpmjs.org/@types/react/download/@types/react-16.0.31.tgz",
      "integrity": "sha1-UoXaYvOsYreX9tBymh1hgfMYDD4="
    }
  }
}
